
Microsoft Visual Studio Solution File, Format Version 12.00
# Visual Studio Version 17
VisualStudioVersion = 17.13.35919.96 d17.13
MinimumVisualStudioVersion = 10.0.40219.1
Project("{8BC9CEB8-8B4A-11D0-8D11-00A0C91BC942}") = "VulkanLearn", "VulkanLearn\VulkanLearn.vcxproj", "{BBDA23DD-6FE1-4DA7-8C3D-26DA49B77F1F}"
EndProject
Global
	GlobalSection(SolutionConfigurationPlatforms) = preSolution
		Debug|x64 = Debug|x64
		Release|x64 = Release|x64
	EndGlobalSection
	GlobalSection(ProjectConfigurationPlatforms) = postSolution
		{BBDA23DD-6FE1-4DA7-8C3D-26DA49B77F1F}.Debug|x64.ActiveCfg = Release|x64
		{BBDA23DD-6FE1-4DA7-8C3D-26DA49B77F1F}.Debug|x64.Build.0 = Release|x64
		{BBDA23DD-6FE1-4DA7-8C3D-26DA49B77F1F}.Release|x64.ActiveCfg = Release|x64
		{BBDA23DD-6FE1-4DA7-8C3D-26DA49B77F1F}.Release|x64.Build.0 = Release|x64
	EndGlobalSection
	GlobalSection(SolutionProperties) = preSolution
		HideSolutionNode = FALSE
	EndGlobalSection
	GlobalSection(ExtensibilityGlobals) = postSolution
		SolutionGuid = {04AC99DD-6FA6-4266-8FB2-D95EE6F82A44}
	EndGlobalSection
EndGlobal
